Microsoft Visual Studio Solution File, Format Version 12.00
# Visual Studio Version 17
VisualStudioVersion = 17.5.2.0
MinimumVisualStudioVersion = 10.0.40219.1
Project("{FAE04EC0-301F-11D3-BF4B-00C04F79EFBC}") = "ResumeAnalyzer", "ResumeAnalyzer\ResumeAnalyzer.csproj", "{08057A32-D9FE-747D-BDEF-AE6E3C371103}"
EndProject
Global
	GlobalSection(SolutionConfigurationPlatforms) = preSolution
		Debug|Any CPU = Debug|Any CPU
		Release|Any CPU = Release|Any CPU
	EndGlobalSection
	GlobalSection(ProjectConfigurationPlatforms) = postSolution
		{08057A32-D9FE-747D-BDEF-AE6E3C371103}.Debug|Any CPU.ActiveCfg = Debug|Any CPU
		{08057A32-D9FE-747D-BDEF-AE6E3C371103}.Debug|Any CPU.Build.0 = Debug|Any CPU
		{08057A32-D9FE-747D-BDEF-AE6E3C371103}.Release|Any CPU.ActiveCfg = Release|Any CPU
		{08057A32-D9FE-747D-BDEF-AE6E3C371103}.Release|Any CPU.Build.0 = Release|Any CPU
	EndGlobalSection
	GlobalSection(SolutionProperties) = preSolution
		HideSolutionNode = FALSE
	EndGlobalSection
	GlobalSection(ExtensibilityGlobals) = postSolution
		SolutionGuid = {4C77D686-8546-4C0E-9C83-F93313E4A444}
	EndGlobalSection
EndGlobal
